// !$*UTF8*$!
{
	archiveVersion = 1;
	classes = {
	};
	objectVersion = 55;
	objects = {

/* Begin PBXBuildFile section */
		71F53F772711C9FE00DDA997 /* UnitTestStudyProjectApp.swift in Sources */ = {isa = PBXBuildFile; fileRef = 71F53F762711C9FE00DDA997 /* UnitTestStudyProjectApp.swift */; };
		71F53F792711C9FE00DDA997 /* ContentView.swift in Sources */ = {isa = PBXBuildFile; fileRef = 71F53F782711C9FE00DDA997 /* ContentView.swift */; };
		71F53F7B2711CA0000DDA997 /* Assets.xcassets in Resources */ = {isa = PBXBuildFile; fileRef = 71F53F7A2711CA0000DDA997 /* Assets.xcassets */; };
		71F53F7E2711CA0000DDA997 /* Preview Assets.xcassets in Resources */ = {isa = PBXBuildFile; fileRef = 71F53F7D2711CA0000DDA997 /* Preview Assets.xcassets */; };
		71F53F882711CA0000DDA997 /* UnitTestStudyProjectTests.swift in Sources */ = {isa = PBXBuildFile; fileRef = 71F53F872711CA0000DDA997 /* UnitTestStudyProjectTests.swift */; };
		71F53F922711CA0000DDA997 /* UnitTestStudyProjectUITests.swift in Sources */ = {isa = PBXBuildFile; fileRef = 71F53F912711CA0000DDA997 /* UnitTestStudyProjectUITests.swift */; };
		71F53F942711CA0000DDA997 /* UnitTestStudyProjectUITestsLaunchTests.swift in Sources */ = {isa = PBXBuildFile; fileRef = 71F53F932711CA0000DDA997 /* UnitTestStudyProjectUITestsLaunchTests.swift */; };
/* End PBXBuildFile section */

/* Begin PBXContainerItemProxy section */
		71F53F842711CA0000DDA997 /* PBXContainerItemProxy */ = {
			isa = PBXContainerItemProxy;
			containerPortal = 71F53F6B2711C9FE00DDA997 /* Project object */;
			proxyType = 1;
			remoteGlobalIDString = 71F53F722711C9FE00DDA997;
			remoteInfo = UnitTestStudyProject;
		};
		71F53F8E2711CA0000DDA997 /* PBXContainerItemProxy */ = {
			isa = PBXContainerItemProxy;
			containerPortal = 71F53F6B2711C9FE00DDA997 /* Project object */;
			proxyType = 1;
			remoteGlobalIDString = 71F53F722711C9FE00DDA997;
			remoteInfo = UnitTestStudyProject;
		};
/* End PBXContainerItemProxy section */

/* Begin PBXFileReference section */
		71F53F732711C9FE00DDA997 /* UnitTestStudyProject.app */ = {isa = PBXFileReference; explicitFileType = wrapper.application; includeInIndex = 0; path = UnitTestStudyProject.app; sourceTree = BUILT_PRODUCTS_DIR; };
		71F53F762711C9FE00DDA997 /* UnitTestStudyProjectApp.swift */ = {isa = PBXFileReference; lastKnownFileType = sourcecode.swift; path = UnitTestStudyProjectApp.swift; sourceTree = "<group>"; };
		71F53F782711C9FE00DDA997 /* ContentView.swift */ = {isa = PBXFileReference; lastKnownFileType = sourcecode.swift; path = ContentView.swift; sourceTree = "<group>"; };
		71F53F7A2711CA0000DDA997 /* Assets.xcassets */ = {isa = PBXFileReference; lastKnownFileType = folder.assetcatalog; path = Assets.xcassets; sourceTree = "<group>"; };
		71F53F7D2711CA0000DDA997 /* Preview Assets.xcassets */ = {isa = PBXFileReference; lastKnownFileType = folder.assetcatalog; path = "Preview Assets.xcassets"; sourceTree = "<group>"; };
		71F53F832711CA0000DDA997 /* UnitTestStudyProjectTests.xctest */ = {isa = PBXFileReference; explicitFileType = wrapper.cfbundle; includeInIndex = 0; path = UnitTestStudyProjectTests.xctest; sourceTree = BUILT_PRODUCTS_DIR; };
		71F53F872711CA0000DDA997 /* UnitTestStudyProjectTests.swift */ = {isa = PBXFileReference; lastKnownFileType = sourcecode.swift; path = UnitTestStudyProjectTests.swift; sourceTree = "<group>"; };
		71F53F8D2711CA0000DDA997 /* UnitTestStudyProjectUITests.xctest */ = {isa = PBXFileReference; explicitFileType = wrapper.cfbundle; includeInIndex = 0; path = UnitTestStudyProjectUITests.xctest; sourceTree = BUILT_PRODUCTS_DIR; };
		71F53F912711CA0000DDA997 /* UnitTestStudyProjectUITests.swift */ = {isa = PBXFileReference; lastKnownFileType = sourcecode.swift; path = UnitTestStudyProjectUITests.swift; sourceTree = "<group>"; };
		71F53F932711CA0000DDA997 /* UnitTestStudyProjectUITestsLaunchTests.swift */ = {isa = PBXFileReference; lastKnownFileType = sourcecode.swift; path = UnitTestStudyProjectUITestsLaunchTests.swift; sourceTree = "<group>"; };
/* End PBXFileReference section */

/* Begin PBXFrameworksBuildPhase section */
		71F53F702711C9FE00DDA997 /* Frameworks */ = {
			isa = PBXFrameworksBuildPhase;
			buildActionMask = 2147483647;
			files = (
			);
			runOnlyForDeploymentPostprocessing = 0;
		};
		71F53F802711CA0000DDA997 /* Frameworks */ = {
			isa = PBXFrameworksBuildPhase;
			buildActionMask = 2147483647;
			files = (
			);
			runOnlyForDeploymentPostprocessing = 0;
		};
		71F53F8A2711CA0000DDA997 /* Frameworks */ = {
			isa = PBXFrameworksBuildPhase;
			buildActionMask = 2147483647;
			files = (
			);
			runOnlyForDeploymentPostprocessing = 0;
		};
/* End PBXFrameworksBuildPhase section */

/* Begin PBXGroup section */
		71F53F6A2711C9FE00DDA997 = {
			isa = PBXGroup;
			children = (
				71F53F752711C9FE00DDA997 /* UnitTestStudyProject */,
				71F53F862711CA0000DDA997 /* UnitTestStudyProjectTests */,
				71F53F902711CA0000DDA997 /* UnitTestStudyProjectUITests */,
				71F53F742711C9FE00DDA997 /* Products */,
			);
			sourceTree = "<group>";
		};
		71F53F742711C9FE00DDA997 /* Products */ = {
			isa = PBXGroup;
			children = (
				71F53F732711C9FE00DDA997 /* UnitTestStudyProject.app */,
				71F53F832711CA0000DDA997 /* UnitTestStudyProjectTests.xctest */,
				71F53F8D2711CA0000DDA997 /* UnitTestStudyProjectUITests.xctest */,
			);
			name = Products;
			sourceTree = "<group>";
		};
		71F53F752711C9FE00DDA997 /* UnitTestStudyProject */ = {
			isa = PBXGroup;
			children = (
				71F53F762711C9FE00DDA997 /* UnitTestStudyProjectApp.swift */,
				71F53F782711C9FE00DDA997 /* ContentView.swift */,
				71F53F7A2711CA0000DDA997 /* Assets.xcassets */,
				71F53F7C2711CA0000DDA997 /* Preview Content */,
			);
			path = UnitTestStudyProject;
			sourceTree = "<group>";
		};
		71F53F7C2711CA0000DDA997 /* Preview Content */ = {
			isa = PBXGroup;
			children = (
				71F53F7D2711CA0000DDA997 /* Preview Assets.xcassets */,
			);
			path = "Preview Content";
			sourceTree = "<group>";
		};
		71F53F862711CA0000DDA997 /* UnitTestStudyProjectTests */ = {
			isa = PBXGroup;
			children = (
				71F53F872711CA0000DDA997 /* UnitTestStudyProjectTests.swift */,
			);
			path = UnitTestStudyProjectTests;
			sourceTree = "<group>";
		};
		71F53F902711CA0000DDA997 /* UnitTestStudyProjectUITests */ = {
			isa = PBXGroup;
			children = (
				71F53F912711CA0000DDA997 /* UnitTestStudyProjectUITests.swift */,
				71F53F932711CA0000DDA997 /* UnitTestStudyProjectUITestsLaunchTests.swift */,
			);
			path = UnitTestStudyProjectUITests;
			sourceTree = "<group>";
		};
/* End PBXGroup section */

/* Begin PBXNativeTarget section */
		71F53F722711C9FE00DDA997 /* UnitTestStudyProject */ = {
			isa = PBXNativeTarget;
			buildConfigurationList = 71F53F972711CA0000DDA997 /* Build configuration list for PBXNativeTarget "UnitTestStudyProject" */;
			buildPhases = (
				71F53F6F2711C9FE00DDA997 /* Sources */,
				71F53F702711C9FE00DDA997 /* Frameworks */,
				71F53F712711C9FE00DDA997 /* Resources */,
			);
			buildRules = (
			);
			dependencies = (
			);
			name = UnitTestStudyProject;
			productName = UnitTestStudyProject;
			productReference = 71F53F732711C9FE00DDA997 /* UnitTestStudyProject.app */;
			productType = "com.apple.product-type.application";
		};
		71F53F822711CA0000DDA997 /* UnitTestStudyProjectTests */ = {
			isa = PBXNativeTarget;
			buildConfigurationList = 71F53F9A2711CA0000DDA997 /* Build configuration list for PBXNativeTarget "UnitTestStudyProjectTests" */;
			buildPhases = (
				71F53F7F2711CA0000DDA997 /* Sources */,
				71F53F802711CA0000DDA997 /* Frameworks */,
				71F53F812711CA0000DDA997 /* Resources */,
			);
			buildRules = (
			);
			dependencies = (
				71F53F852711CA0000DDA997 /* PBXTargetDependency */,
			);
			name = UnitTestStudyProjectTests;
			productName = UnitTestStudyProjectTests;
			productReference = 71F53F832711CA0000DDA997 /* UnitTestStudyProjectTests.xctest */;
			productType = "com.apple.product-type.bundle.unit-test";
		};
		71F53F8C2711CA0000DDA997 /* UnitTestStudyProjectUITests */ = {
			isa = PBXNativeTarget;
			buildConfigurationList = 71F53F9D2711CA0000DDA997 /* Build configuration list for PBXNativeTarget "UnitTestStudyProjectUITests" */;
			buildPhases = (
				71F53F892711CA0000DDA997 /* Sources */,
				71F53F8A2711CA0000DDA997 /* Frameworks */,
				71F53F8B2711CA0000DDA997 /* Resources */,
			);
			buildRules = (
			);
			dependencies = (
				71F53F8F2711CA0000DDA997 /* PBXTargetDependency */,
			);
			name = UnitTestStudyProjectUITests;
			productName = UnitTestStudyProjectUITests;
			productReference = 71F53F8D2711CA0000DDA997 /* UnitTestStudyProjectUITests.xctest */;
			productType = "com.apple.product-type.bundle.ui-testing";
		};
/* End PBXNativeTarget section */

/* Begin PBXProject section */
		71F53F6B2711C9FE00DDA997 /* Project object */ = {
			isa = PBXProject;
			attributes = {
				BuildIndependentTargetsInParallel = 1;
				LastSwiftUpdateCheck = 1300;
				LastUpgradeCheck = 1300;
				TargetAttributes = {
					71F53F722711C9FE00DDA997 = {
						CreatedOnToolsVersion = 13.0;
					};
					71F53F822711CA0000DDA997 = {
						CreatedOnToolsVersion = 13.0;
						TestTargetID = 71F53F722711C9FE00DDA997;
					};
					71F53F8C2711CA0000DDA997 = {
						CreatedOnToolsVersion = 13.0;
						TestTargetID = 71F53F722711C9FE00DDA997;
					};
				};
			};
			buildConfigurationList = 71F53F6E2711C9FE00DDA997 /* Build configuration list for PBXProject "UnitTestStudyProject" */;
			compatibilityVersion = "Xcode 13.0";
			developmentRegion = en;
			hasScannedForEncodings = 0;
			knownRegions = (
				en,
				Base,
			);
			mainGroup = 71F53F6A2711C9FE00DDA997;
			productRefGroup = 71F53F742711C9FE00DDA997 /* Products */;
			projectDirPath = "";
			projectRoot = "";
			targets = (
				71F53F722711C9FE00DDA997 /* UnitTestStudyProject */,
				71F53F822711CA0000DDA997 /* UnitTestStudyProjectTests */,
				71F53F8C2711CA0000DDA997 /* UnitTestStudyProjectUITests */,
			);
		};
/* End PBXProject section */

/* Begin PBXResourcesBuildPhase section */
		71F53F712711C9FE00DDA997 /* Resources */ = {
			isa = PBXResourcesBuildPhase;
			buildActionMask = 2147483647;
			files = (
				71F53F7E2711CA0000DDA997 /* Preview Assets.xcassets in Resources */,
				71F53F7B2711CA0000DDA997 /* Assets.xcassets in Resources */,
			);
			runOnlyForDeploymentPostprocessing = 0;
		};
		71F53F812711CA0000DDA997 /* Resources */ = {
			isa = PBXResourcesBuildPhase;
			buildActionMask = 2147483647;
			files = (
			);
			runOnlyForDeploymentPostprocessing = 0;
		};
		71F53F8B2711CA0000DDA997 /* Resources */ = {
			isa = PBXResourcesBuildPhase;
			buildActionMask = 2147483647;
			files = (
			);
			runOnlyForDeploymentPostprocessing = 0;
		};
/* End PBXResourcesBuildPhase section */

/* Begin PBXSourcesBuildPhase section */
		71F53F6F2711C9FE00DDA997 /* Sources */ = {
			isa = PBXSourcesBuildPhase;
			buildActionMask = 2147483647;
			files = (
				71F53F792711C9FE00DDA997 /* ContentView.swift in Sources */,
				71F53F772711C9FE00DDA997 /* UnitTestStudyProjectApp.swift in Sources */,
			);
			runOnlyForDeploymentPostprocessing = 0;
		};
		71F53F7F2711CA0000DDA997 /* Sources */ = {
			isa = PBXSourcesBuildPhase;
			buildActionMask = 2147483647;
			files = (
				71F53F882711CA0000DDA997 /* UnitTestStudyProjectTests.swift in Sources */,
			);
			runOnlyForDeploymentPostprocessing = 0;
		};
		71F53F892711CA0000DDA997 /* Sources */ = {
			isa = PBXSourcesBuildPhase;
			buildActionMask = 2147483647;
			files = (
				71F53F942711CA0000DDA997 /* UnitTestStudyProjectUITestsLaunchTests.swift in Sources */,
				71F53F922711CA0000DDA997 /* UnitTestStudyProjectUITests.swift in Sources */,
			);
			runOnlyForDeploymentPostprocessing = 0;
		};
/* End PBXSourcesBuildPhase section */

/* Begin PBXTargetDependency section */
		71F53F852711CA0000DDA997 /* PBXTargetDependency */ = {
			isa = PBXTargetDependency;
			target = 71F53F722711C9FE00DDA997 /* UnitTestStudyProject */;
			targetProxy = 71F53F842711CA0000DDA997 /* PBXContainerItemProxy */;
		};
		71F53F8F2711CA0000DDA997 /* PBXTargetDependency */ = {
			isa = PBXTargetDependency;
			target = 71F53F722711C9FE00DDA997 /* UnitTestStudyProject */;
			targetProxy = 71F53F8E2711CA0000DDA997 /* PBXContainerItemProxy */;
		};
/* End PBXTargetDependency section */

/* Begin XCBuildConfiguration section */
		71F53F952711CA0000DDA997 /* Debug */ = {
			isa = XCBuildConfiguration;
			buildSettings = {
				ALWAYS_SEARCH_USER_PATHS = NO;
				CLANG_ANALYZER_NONNULL = YES;
				CLANG_ANALYZER_NUMBER_OBJECT_CONVERSION = YES_AGGRESSIVE;
				CLANG_CXX_LANGUAGE_STANDARD = "gnu++17";
				CLANG_CXX_LIBRARY = "libc++";
				CLANG_ENABLE_MODULES = YES;
				CLANG_ENABLE_OBJC_ARC = YES;
				CLANG_ENABLE_OBJC_WEAK = YES;
				CLANG_WARN_BLOCK_CAPTURE_AUTORELEASING = YES;
				CLANG_WARN_BOOL_CONVERSION = YES;
				CLANG_WARN_COMMA = YES;
				CLANG_WARN_CONSTANT_CONVERSION = YES;
				CLANG_WARN_DEPRECATED_OBJC_IMPLEMENTATIONS = YES;
				CLANG_WARN_DIRECT_OBJC_ISA_USAGE = YES_ERROR;
				CLANG_WARN_DOCUMENTATION_COMMENTS = YES;
				CLANG_WARN_EMPTY_BODY = YES;
				CLANG_WARN_ENUM_CONVERSION = YES;
				CLANG_WARN_INFINITE_RECURSION = YES;
				CLANG_WARN_INT_CONVERSION = YES;
				CLANG_WARN_NON_LITERAL_NULL_CONVERSION = YES;
				CLANG_WARN_OBJC_IMPLICIT_RETAIN_SELF = YES;
				CLANG_WARN_OBJC_LITERAL_CONVERSION = YES;
				CLANG_WARN_OBJC_ROOT_CLASS = YES_ERROR;
				CLANG_WARN_QUOTED_INCLUDE_IN_FRAMEWORK_HEADER = YES;
				CLANG_WARN_RANGE_LOOP_ANALYSIS = YES;
				CLANG_WARN_STRICT_PROTOTYPES = YES;
				CLANG_WARN_SUSPICIOUS_MOVE = YES;
				CLANG_WARN_UNGUARDED_AVAILABILITY = YES_AGGRESSIVE;
				CLANG_WARN_UNREACHABLE_CODE = YES;
				CLANG_WARN__DUPLICATE_METHOD_MATCH = YES;
				COPY_PHASE_STRIP = NO;
				DEBUG_INFORMATION_FORMAT = dwarf;
				ENABLE_STRICT_OBJC_MSGSEND = YES;
				ENABLE_TESTABILITY = YES;
				GCC_C_LANGUAGE_STANDARD = gnu11;
				GCC_DYNAMIC_NO_PIC = NO;
				GCC_NO_COMMON_BLOCKS = YES;
				GCC_OPTIMIZATION_LEVEL = 0;
				GCC_PREPROCESSOR_DEFINITIONS = (
					"DEBUG=1",
					"$(inherited)",
				);
				GCC_WARN_64_TO_32_BIT_CONVERSION = YES;
				GCC_WARN_ABOUT_RETURN_TYPE = YES_ERROR;
				GCC_WARN_UNDECLARED_SELECTOR = YES;
				GCC_WARN_UNINITIALIZED_AUTOS = YES_AGGRESSIVE;
				GCC_WARN_UNUSED_FUNCTION = YES;
				GCC_WARN_UNUSED_VARIABLE = YES;
				IPHONEOS_DEPLOYMENT_TARGET = 15.0;
				MTL_ENABLE_DEBUG_INFO = INCLUDE_SOURCE;
				MTL_FAST_MATH = YES;
				ONLY_ACTIVE_ARCH = YES;
				SDKROOT = iphoneos;
				SWIFT_ACTIVE_COMPILATION_CONDITIONS = DEBUG;
				SWIFT_OPTIMIZATION_LEVEL = "-Onone";
			};
			name = Debug;
		};
		71F53F962711CA0000DDA997 /* Release */ = {
			isa = XCBuildConfiguration;
			buildSettings = {
				ALWAYS_SEARCH_USER_PATHS = NO;
				CLANG_ANALYZER_NONNULL = YES;
				CLANG_ANALYZER_NUMBER_OBJECT_CONVERSION = YES_AGGRESSIVE;
				CLANG_CXX_LANGUAGE_STANDARD = "gnu++17";
				CLANG_CXX_LIBRARY = "libc++";
				CLANG_ENABLE_MODULES = YES;
				CLANG_ENABLE_OBJC_ARC = YES;
				CLANG_ENABLE_OBJC_WEAK = YES;
				CLANG_WARN_BLOCK_CAPTURE_AUTORELEASING = YES;
				CLANG_WARN_BOOL_CONVERSION = YES;
				CLANG_WARN_COMMA = YES;
				CLANG_WARN_CONSTANT_CONVERSION = YES;
				CLANG_WARN_DEPRECATED_OBJC_IMPLEMENTATIONS = YES;
				CLANG_WARN_DIRECT_OBJC_ISA_USAGE = YES_ERROR;
				CLANG_WARN_DOCUMENTATION_COMMENTS = YES;
				CLANG_WARN_EMPTY_BODY = YES;
				CLANG_WARN_ENUM_CONVERSION = YES;
				CLANG_WARN_INFINITE_RECURSION = YES;
				CLANG_WARN_INT_CONVERSION = YES;
				CLANG_WARN_NON_LITERAL_NULL_CONVERSION = YES;
				CLANG_WARN_OBJC_IMPLICIT_RETAIN_SELF = YES;
				CLANG_WARN_OBJC_LITERAL_CONVERSION = YES;
				CLANG_WARN_OBJC_ROOT_CLASS = YES_ERROR;
				CLANG_WARN_QUOTED_INCLUDE_IN_FRAMEWORK_HEADER = YES;
				CLANG_WARN_RANGE_LOOP_ANALYSIS = YES;
				CLANG_WARN_STRICT_PROTOTYPES = YES;
				CLANG_WARN_SUSPICIOUS_MOVE = YES;
				CLANG_WARN_UNGUARDED_AVAILABILITY = YES_AGGRESSIVE;
				CLANG_WARN_UNREACHABLE_CODE = YES;
				CLANG_WARN__DUPLICATE_METHOD_MATCH = YES;
				COPY_PHASE_STRIP = NO;
				DEBUG_INFORMATION_FORMAT = "dwarf-with-dsym";
				ENABLE_NS_ASSERTIONS = NO;
				ENABLE_STRICT_OBJC_MSGSEND = YES;
				GCC_C_LANGUAGE_STANDARD = gnu11;
				GCC_NO_COMMON_BLOCKS = YES;
				GCC_WARN_64_TO_32_BIT_CONVERSION = YES;
				GCC_WARN_ABOUT_RETURN_TYPE = YES_ERROR;
				GCC_WARN_UNDECLARED_SELECTOR = YES;
				GCC_WARN_UNINITIALIZED_AUTOS = YES_AGGRESSIVE;
				GCC_WARN_UNUSED_FUNCTION = YES;
				GCC_WARN_UNUSED_VARIABLE = YES;
				IPHONEOS_DEPLOYMENT_TARGET = 15.0;
				MTL_ENABLE_DEBUG_INFO = NO;
				MTL_FAST_MATH = YES;
				SDKROOT = iphoneos;
				SWIFT_COMPILATION_MODE = wholemodule;
				SWIFT_OPTIMIZATION_LEVEL = "-O";
				VALIDATE_PRODUCT = YES;
			};
			name = Release;
		};
		71F53F982711CA0000DDA997 /* Debug */ = {
			isa = XCBuildConfiguration;
			buildSettings = {
				ASSETCATALOG_COMPILER_APPICON_NAME = AppIcon;
				ASSETCATALOG_COMPILER_GLOBAL_ACCENT_COLOR_NAME = AccentColor;
				CODE_SIGN_STYLE = Automatic;
				CURRENT_PROJECT_VERSION = 1;
				DEVELOPMENT_ASSET_PATHS = "\"UnitTestStudyProject/Preview Content\"";
				ENABLE_PREVIEWS = YES;
				GENERATE_INFOPLIST_FILE = YES;
				INFOPLIST_KEY_UIApplicationSceneManifest_Generation = YES;
				INFOPLIST_KEY_UIApplicationSupportsIndirectInputEvents = YES;
				INFOPLIST_KEY_UILaunchScreen_Generation = YES;
				INFOPLIST_KEY_UISupportedInterfaceOrientations_iPad = "UIInterfaceOrientationPortrait UIInterfaceOrientationPortraitUpsideDown UIInterfaceOrientationLandscapeLeft UIInterfaceOrientationLandscapeRight";
				INFOPLIST_KEY_UISupportedInterfaceOrientations_iPhone = "UIInterfaceOrientationPortrait UIInterfaceOrientationLandscapeLeft UIInterfaceOrientationLandscapeRight";
				IPHONEOS_DEPLOYMENT_TARGET = 14.0;
				LD_RUNPATH_SEARCH_PATHS = (
					"$(inherited)",
					"@executable_path/Frameworks",
				);
				MARKETING_VERSION = 1.0;
				PRODUCT_BUNDLE_IDENTIFIER = holiverleite.UnitTestStudyProject;
				PRODUCT_NAME = "$(TARGET_NAME)";
				SWIFT_EMIT_LOC_STRINGS = YES;
				SWIFT_VERSION = 5.0;
				TARGETED_DEVICE_FAMILY = "1,2";
			};
			name = Debug;
		};
		71F53F992711CA0000DDA997 /* Release */ = {
			isa = XCBuildConfiguration;
			buildSettings = {
				ASSETCATALOG_COMPILER_APPICON_NAME = AppIcon;
				ASSETCATALOG_COMPILER_GLOBAL_ACCENT_COLOR_NAME = AccentColor;
				CODE_SIGN_STYLE = Automatic;
				CURRENT_PROJECT_VERSION = 1;
				DEVELOPMENT_ASSET_PATHS = "\"UnitTestStudyProject/Preview Content\"";
				ENABLE_PREVIEWS = YES;
				GENERATE_INFOPLIST_FILE = YES;
				INFOPLIST_KEY_UIApplicationSceneManifest_Generation = YES;
				INFOPLIST_KEY_UIApplicationSupportsIndirectInputEvents = YES;
				INFOPLIST_KEY_UILaunchScreen_Generation = YES;
				INFOPLIST_KEY_UISupportedInterfaceOrientations_iPad = "UIInterfaceOrientationPortrait UIInterfaceOrientationPortraitUpsideDown UIInterfaceOrientationLandscapeLeft UIInterfaceOrientationLandscapeRight";
				INFOPLIST_KEY_UISupportedInterfaceOrientations_iPhone = "UIInterfaceOrientationPortrait UIInterfaceOrientationLandscapeLeft UIInterfaceOrientationLandscapeRight";
				IPHONEOS_DEPLOYMENT_TARGET = 14.0;
				LD_RUNPATH_SEARCH_PATHS = (
					"$(inherited)",
					"@executable_path/Frameworks",
				);
				MARKETING_VERSION = 1.0;
				PRODUCT_BUNDLE_IDENTIFIER = holiverleite.UnitTestStudyProject;
				PRODUCT_NAME = "$(TARGET_NAME)";
				SWIFT_EMIT_LOC_STRINGS = YES;
				SWIFT_VERSION = 5.0;
				TARGETED_DEVICE_FAMILY = "1,2";
			};
			name = Release;
		};
		71F53F9B2711CA0000DDA997 /* Debug */ = {
			isa = XCBuildConfiguration;
			buildSettings = {
				ALWAYS_EMBED_SWIFT_STANDARD_LIBRARIES = YES;
				BUNDLE_LOADER = "$(TEST_HOST)";
				CODE_SIGN_STYLE = Automatic;
				CURRENT_PROJECT_VERSION = 1;
				GENERATE_INFOPLIST_FILE = YES;
				IPHONEOS_DEPLOYMENT_TARGET = 14.0;
				LD_RUNPATH_SEARCH_PATHS = (
					"$(inherited)",
					"@executable_path/Frameworks",
					"@loader_path/Frameworks",
				);
				MARKETING_VERSION = 1.0;
				PRODUCT_BUNDLE_IDENTIFIER = holiverleite.UnitTestStudyProjectTests;
				PRODUCT_NAME = "$(TARGET_NAME)";
				SWIFT_EMIT_LOC_STRINGS = NO;
				SWIFT_VERSION = 5.0;
				TARGETED_DEVICE_FAMILY = "1,2";
				TEST_HOST = "$(BUILT_PRODUCTS_DIR)/UnitTestStudyProject.app/UnitTestStudyProject";
			};
			name = Debug;
		};
		71F53F9C2711CA0000DDA997 /* Release */ = {
			isa = XCBuildConfiguration;
			buildSettings = {
				ALWAYS_EMBED_SWIFT_STANDARD_LIBRARIES = YES;
				BUNDLE_LOADER = "$(TEST_HOST)";
				CODE_SIGN_STYLE = Automatic;
				CURRENT_PROJECT_VERSION = 1;
				GENERATE_INFOPLIST_FILE = YES;
				IPHONEOS_DEPLOYMENT_TARGET = 14.0;
				LD_RUNPATH_SEARCH_PATHS = (
					"$(inherited)",
					"@executable_path/Frameworks",
					"@loader_path/Frameworks",
				);
				MARKETING_VERSION = 1.0;
				PRODUCT_BUNDLE_IDENTIFIER = holiverleite.UnitTestStudyProjectTests;
				PRODUCT_NAME = "$(TARGET_NAME)";
				SWIFT_EMIT_LOC_STRINGS = NO;
				SWIFT_VERSION = 5.0;
				TARGETED_DEVICE_FAMILY = "1,2";
				TEST_HOST = "$(BUILT_PRODUCTS_DIR)/UnitTestStudyProject.app/UnitTestStudyProject";
			};
			name = Release;
		};
		71F53F9E2711CA0000DDA997 /* Debug */ = {
			isa = XCBuildConfiguration;
			buildSettings = {
				ALWAYS_EMBED_SWIFT_STANDARD_LIBRARIES = YES;
				CODE_SIGN_STYLE = Automatic;
				CURRENT_PROJECT_VERSION = 1;
				GENERATE_INFOPLIST_FILE = YES;
				LD_RUNPATH_SEARCH_PATHS = (
					"$(inherited)",
					"@executable_path/Frameworks",
					"@loader_path/Frameworks",
				);
				MARKETING_VERSION = 1.0;
				PRODUCT_BUNDLE_IDENTIFIER = holiverleite.UnitTestStudyProjectUITests;
				PRODUCT_NAME = "$(TARGET_NAME)";
				SWIFT_EMIT_LOC_STRINGS = NO;
				SWIFT_VERSION = 5.0;
				TARGETED_DEVICE_FAMILY = "1,2";
				TEST_TARGET_NAME = UnitTestStudyProject;
			};
			name = Debug;
		};
		71F53F9F2711CA0000DDA997 /* Release */ = {
			isa = XCBuildConfiguration;
			buildSettings = {
				ALWAYS_EMBED_SWIFT_STANDARD_LIBRARIES = YES;
				CODE_SIGN_STYLE = Automatic;
				CURRENT_PROJECT_VERSION = 1;
				GENERATE_INFOPLIST_FILE = YES;
				LD_RUNPATH_SEARCH_PATHS = (
					"$(inherited)",
					"@executable_path/Frameworks",
					"@loader_path/Frameworks",
				);
				MARKETING_VERSION = 1.0;
				PRODUCT_BUNDLE_IDENTIFIER = holiverleite.UnitTestStudyProjectUITests;
				PRODUCT_NAME = "$(TARGET_NAME)";
				SWIFT_EMIT_LOC_STRINGS = NO;
				SWIFT_VERSION = 5.0;
				TARGETED_DEVICE_FAMILY = "1,2";
				TEST_TARGET_NAME = UnitTestStudyProject;
			};
			name = Release;
		};
/* End XCBuildConfiguration section */

/* Begin XCConfigurationList section */
		71F53F6E2711C9FE00DDA997 /* Build configuration list for PBXProject "UnitTestStudyProject" */ = {
			isa = XCConfigurationList;
			buildConfigurations = (
				71F53F952711CA0000DDA997 /* Debug */,
				71F53F962711CA0000DDA997 /* Release */,
			);
			defaultConfigurationIsVisible = 0;
			defaultConfigurationName = Release;
		};
		71F53F972711CA0000DDA997 /* Build configuration list for PBXNativeTarget "UnitTestStudyProject" */ = {
			isa = XCConfigurationList;
			buildConfigurations = (
				71F53F982711CA0000DDA997 /* Debug */,
				71F53F992711CA0000DDA997 /* Release */,
			);
			defaultConfigurationIsVisible = 0;
			defaultConfigurationName = Release;
		};
		71F53F9A2711CA0000DDA997 /* Build configuration list for PBXNativeTarget "UnitTestStudyProjectTests" */ = {
			isa = XCConfigurationList;
			buildConfigurations = (
				71F53F9B2711CA0000DDA997 /* Debug */,
				71F53F9C2711CA0000DDA997 /* Release */,
			);
			defaultConfigurationIsVisible = 0;
			defaultConfigurationName = Release;
		};
		71F53F9D2711CA0000DDA997 /* Build configuration list for PBXNativeTarget "UnitTestStudyProjectUITests" */ = {
			isa = XCConfigurationList;
			buildConfigurations = (
				71F53F9E2711CA0000DDA997 /* Debug */,
				71F53F9F2711CA0000DDA997 /* Release */,
			);
			defaultConfigurationIsVisible = 0;
			defaultConfigurationName = Release;
		};
/* End XCConfigurationList section */
	};
	rootObject = 71F53F6B2711C9FE00DDA997 /* Project object */;
}
